// !$*UTF8*$!
{
	archiveVersion = 1;
	classes = {
	};
	objectVersion = 46;
	objects = {

/* Begin PBXBuildFile section */
		373F0EFD1B3DEFC500DE92AB /* Basses Legato.aif in Resources */ = {isa = PBXBuildFile; fileRef = 373F0EF61B3DEFC500DE92AB /* Basses Legato.aif */; };
		373F0EFE1B3DEFC500DE92AB /* Female Chorus.aif in Resources */ = {isa = PBXBuildFile; fileRef = 373F0EF71B3DEFC500DE92AB /* Female Chorus.aif */; };
		373F0EFF1B3DEFC500DE92AB /* Harp.aif in Resources */ = {isa = PBXBuildFile; fileRef = 373F0EF81B3DEFC500DE92AB /* Harp.aif */; };
		373F0F001B3DEFC500DE92AB /* Spacious Set.aif in Resources */ = {isa = PBXBuildFile; fileRef = 373F0EF91B3DEFC500DE92AB /* Spacious Set.aif */; };
		373F0F011B3DEFC500DE92AB /* tick.caf in Resources */ = {isa = PBXBuildFile; fileRef = 373F0EFA1B3DEFC500DE92AB /* tick.caf */; };
		373F0F021B3DEFC500DE92AB /* tock.caf in Resources */ = {isa = PBXBuildFile; fileRef = 373F0EFB1B3DEFC500DE92AB /* tock.caf */; };
		373F0F031B3DEFC500DE92AB /* Violins 1.aif in Resources */ = {isa = PBXBuildFile; fileRef = 373F0EFC1B3DEFC500DE92AB /* Violins 1.aif */; };
		375C5B901B3E0B3200F01A7E /* metamacros.h in Headers */ = {isa = PBXBuildFile; fileRef = 375C5B8F1B3E0B3200F01A7E /* metamacros.h */; settings = {ATTRIBUTES = (Public, ); }; };
		3782615C1B4B139400FC89A0 /* ProjectPlayer.xib in Resources */ = {isa = PBXBuildFile; fileRef = 3782615B1B4B139400FC89A0 /* ProjectPlayer.xib */; };
		3782615E1B4B140C00FC89A0 /* ProjectPlayer.swift in Sources */ = {isa = PBXBuildFile; fileRef = 3782615D1B4B140C00FC89A0 /* ProjectPlayer.swift */; };
		37A3C2CA1B3CC00600F77F2A /* AppDelegate.swift in Sources */ = {isa = PBXBuildFile; fileRef = 37A3C2C91B3CC00600F77F2A /* AppDelegate.swift */; };
		37A3C2CF1B3CC00600F77F2A /* Main.storyboard in Resources */ = {isa = PBXBuildFile; fileRef = 37A3C2CD1B3CC00600F77F2A /* Main.storyboard */; };
		37A3C2D11B3CC00600F77F2A /* Images.xcassets in Resources */ = {isa = PBXBuildFile; fileRef = 37A3C2D01B3CC00600F77F2A /* Images.xcassets */; };
		37A3C2D41B3CC00600F77F2A /* LaunchScreen.xib in Resources */ = {isa = PBXBuildFile; fileRef = 37A3C2D21B3CC00600F77F2A /* LaunchScreen.xib */; };
		37A3C2E01B3CC00600F77F2A /* MashTests.swift in Sources */ = {isa = PBXBuildFile; fileRef = 37A3C2DF1B3CC00600F77F2A /* MashTests.swift */; };
		37DE77251B436F4A00952987 /* User.xib in Resources */ = {isa = PBXBuildFile; fileRef = 37DE77241B436F4A00952987 /* User.xib */; };
		37DE77271B4370B200952987 /* FollowingViewController.swift in Sources */ = {isa = PBXBuildFile; fileRef = 37DE77261B4370B200952987 /* FollowingViewController.swift */; };
		37E799A51B3CC1C600D2E54D /* DashboardController.swift in Sources */ = {isa = PBXBuildFile; fileRef = 37E799871B3CC1C600D2E54D /* DashboardController.swift */; };
		37E799A61B3CC1C600D2E54D /* DirectUploadViewController.swift in Sources */ = {isa = PBXBuildFile; fileRef = 37E799881B3CC1C600D2E54D /* DirectUploadViewController.swift */; };
		37E799A71B3CC1C600D2E54D /* EntryViewController.swift in Sources */ = {isa = PBXBuildFile; fileRef = 37E799891B3CC1C600D2E54D /* EntryViewController.swift */; };
		37E799A81B3CC1C600D2E54D /* ExploreViewController.swift in Sources */ = {isa = PBXBuildFile; fileRef = 37E7998A1B3CC1C600D2E54D /* ExploreViewController.swift */; };
		37E799A91B3CC1C600D2E54D /* HomeTableViewController.swift in Sources */ = {isa = PBXBuildFile; fileRef = 37E7998B1B3CC1C600D2E54D /* HomeTableViewController.swift */; };
		37E799AA1B3CC1C600D2E54D /* ImportViewController.swift in Sources */ = {isa = PBXBuildFile; fileRef = 37E7998C1B3CC1C600D2E54D /* ImportViewController.swift */; };
		37E799AB1B3CC1C600D2E54D /* LoginViewController.swift in Sources */ = {isa = PBXBuildFile; fileRef = 37E7998D1B3CC1C600D2E54D /* LoginViewController.swift */; };
		37E799AC1B3CC1C600D2E54D /* MashResultsController.swift in Sources */ = {isa = PBXBuildFile; fileRef = 37E7998E1B3CC1C600D2E54D /* MashResultsController.swift */; };
		37E799AD1B3CC1C600D2E54D /* MashViewController.swift in Sources */ = {isa = PBXBuildFile; fileRef = 37E7998F1B3CC1C600D2E54D /* MashViewController.swift */; };
		37E799AE1B3CC1C600D2E54D /* NavigationController.swift in Sources */ = {isa = PBXBuildFile; fileRef = 37E799901B3CC1C600D2E54D /* NavigationController.swift */; };
		37E799B41B3CC1C600D2E54D /* ProjectPreferencesViewController.swift in Sources */ = {isa = PBXBuildFile; fileRef = 37E7999C1B3CC1C600D2E54D /* ProjectPreferencesViewController.swift */; };
		37E799B51B3CC1C600D2E54D /* ProjectViewController.swift in Sources */ = {isa = PBXBuildFile; fileRef = 37E7999D1B3CC1C600D2E54D /* ProjectViewController.swift */; };
		37E799B61B3CC1C600D2E54D /* RecordViewController.swift in Sources */ = {isa = PBXBuildFile; fileRef = 37E7999E1B3CC1C600D2E54D /* RecordViewController.swift */; };
		37E799B71B3CC1C600D2E54D /* SearchViewController.swift in Sources */ = {isa = PBXBuildFile; fileRef = 37E7999F1B3CC1C600D2E54D /* SearchViewController.swift */; };
		37E799B81B3CC1C600D2E54D /* SettingsViewController.swift in Sources */ = {isa = PBXBuildFile; fileRef = 37E799A01B3CC1C600D2E54D /* SettingsViewController.swift */; };
		37E799B91B3CC1C600D2E54D /* SignupViewController.swift in Sources */ = {isa = PBXBuildFile; fileRef = 37E799A11B3CC1C600D2E54D /* SignupViewController.swift */; };
		37E799BA1B3CC1C600D2E54D /* TabBarController.swift in Sources */ = {isa = PBXBuildFile; fileRef = 37E799A21B3CC1C600D2E54D /* TabBarController.swift */; };
		37E799BB1B3CC1C600D2E54D /* TaggingViewController.swift in Sources */ = {isa = PBXBuildFile; fileRef = 37E799A31B3CC1C600D2E54D /* TaggingViewController.swift */; };
		37E799BC1B3CC1C600D2E54D /* UploadViewController.swift in Sources */ = {isa = PBXBuildFile; fileRef = 37E799A41B3CC1C600D2E54D /* UploadViewController.swift */; };
		37E799D91B3CC1D000D2E54D /* Debug.swift in Sources */ = {isa = PBXBuildFile; fileRef = 37E799BE1B3CC1D000D2E54D /* Debug.swift */; };
		37E799DB1B3CC1D000D2E54D /* HelperData.swift in Sources */ = {isa = PBXBuildFile; fileRef = 37E799C01B3CC1D000D2E54D /* HelperData.swift */; };
		37E799DC1B3CC1D000D2E54D /* HelperFunctions.swift in Sources */ = {isa = PBXBuildFile; fileRef = 37E799C11B3CC1D000D2E54D /* HelperFunctions.swift */; };
		37E799DD1B3CC1D000D2E54D /* HomeCell.swift in Sources */ = {isa = PBXBuildFile; fileRef = 37E799C21B3CC1D000D2E54D /* HomeCell.swift */; };
		37E799DF1B3CC1D000D2E54D /* ImportHeaderView.swift in Sources */ = {isa = PBXBuildFile; fileRef = 37E799C41B3CC1D000D2E54D /* ImportHeaderView.swift */; };
		37E799E01B3CC1D000D2E54D /* InstrumentCell.swift in Sources */ = {isa = PBXBuildFile; fileRef = 37E799C51B3CC1D000D2E54D /* InstrumentCell.swift */; };
		37E799E11B3CC1D000D2E54D /* MashResultsHeaderView.swift in Sources */ = {isa = PBXBuildFile; fileRef = 37E799C61B3CC1D000D2E54D /* MashResultsHeaderView.swift */; };
		37E799E21B3CC1D000D2E54D /* Metronome.swift in Sources */ = {isa = PBXBuildFile; fileRef = 37E799C71B3CC1D000D2E54D /* Metronome.swift */; };
		37E799E31B3CC1D000D2E54D /* Profile.swift in Sources */ = {isa = PBXBuildFile; fileRef = 37E799C81B3CC1D000D2E54D /* Profile.swift */; };
		37E799E41B3CC1D000D2E54D /* ProjectTools.swift in Sources */ = {isa = PBXBuildFile; fileRef = 37E799C91B3CC1D000D2E54D /* ProjectTools.swift */; };
		37E799E51B3CC1D000D2E54D /* ProjectTrack.swift in Sources */ = {isa = PBXBuildFile; fileRef = 37E799CA1B3CC1D000D2E54D /* ProjectTrack.swift */; };
		37E799E61B3CC1D000D2E54D /* Track.swift in Sources */ = {isa = PBXBuildFile; fileRef = 37E799CB1B3CC1D000D2E54D /* Track.swift */; };
		37E799E71B3CC1D000D2E54D /* User.swift in Sources */ = {isa = PBXBuildFile; fileRef = 37E799CC1B3CC1D000D2E54D /* User.swift */; };
		37E799E91B3CC1D000D2E54D /* HomeCell.xib in Resources */ = {isa = PBXBuildFile; fileRef = 37E799CF1B3CC1D000D2E54D /* HomeCell.xib */; };
		37E799EB1B3CC1D000D2E54D /* ImportHeaderView.xib in Resources */ = {isa = PBXBuildFile; fileRef = 37E799D11B3CC1D000D2E54D /* ImportHeaderView.xib */; };
		37E799EC1B3CC1D000D2E54D /* InstrumentCell.xib in Resources */ = {isa = PBXBuildFile; fileRef = 37E799D21B3CC1D000D2E54D /* InstrumentCell.xib */; };
		37E799ED1B3CC1D000D2E54D /* MashResultsHeaderView.xib in Resources */ = {isa = PBXBuildFile; fileRef = 37E799D31B3CC1D000D2E54D /* MashResultsHeaderView.xib */; };
		37E799EE1B3CC1D000D2E54D /* Metronome.xib in Resources */ = {isa = PBXBuildFile; fileRef = 37E799D41B3CC1D000D2E54D /* Metronome.xib */; };
		37E799EF1B3CC1D000D2E54D /* Profile.xib in Resources */ = {isa = PBXBuildFile; fileRef = 37E799D51B3CC1D000D2E54D /* Profile.xib */; };
		37E799F01B3CC1D000D2E54D /* ProjectTools.xib in Resources */ = {isa = PBXBuildFile; fileRef = 37E799D61B3CC1D000D2E54D /* ProjectTools.xib */; };
		37E799F11B3CC1D000D2E54D /* ProjectTrack.xib in Resources */ = {isa = PBXBuildFile; fileRef = 37E799D71B3CC1D000D2E54D /* ProjectTrack.xib */; };
		37E799F21B3CC1D000D2E54D /* Track.xib in Resources */ = {isa = PBXBuildFile; fileRef = 37E799D81B3CC1D000D2E54D /* Track.xib */; };
		37E799FC1B3CC1F600D2E54D /* KeychainWrapper.m in Sources */ = {isa = PBXBuildFile; fileRef = 37E799F51B3CC1F600D2E54D /* KeychainWrapper.m */; };
		37F5FB0D1B3E0DE700605C0B /* sqlite3.h in Headers */ = {isa = PBXBuildFile; fileRef = 37F5FB0C1B3E0DE700605C0B /* sqlite3.h */; settings = {ATTRIBUTES = (Public, ); }; };
		F183417BACCA4D316DF84567 /* Pods_Mash.framework in Frameworks */ = {isa = PBXBuildFile; fileRef = E8DF6AC8CCE7D187FEEE8D82 /* Pods_Mash.framework */; settings = {ATTRIBUTES = (Weak, ); }; };
/* End PBXBuildFile section */

/* Begin PBXContainerItemProxy section */
		37A3C2DA1B3CC00600F77F2A /* PBXContainerItemProxy */ = {
			isa = PBXContainerItemProxy;
			containerPortal = 37A3C2BC1B3CC00600F77F2A /* Project object */;
			proxyType = 1;
			remoteGlobalIDString = 37A3C2C31B3CC00600F77F2A;
			remoteInfo = Mash;
		};
/* End PBXContainerItemProxy section */

/* Begin PBXFileReference section */
		373F0EF61B3DEFC500DE92AB /* Basses Legato.aif */ = {isa = PBXFileReference; lastKnownFileType = file; path = "Basses Legato.aif"; sourceTree = "<group>"; };
		373F0EF71B3DEFC500DE92AB /* Female Chorus.aif */ = {isa = PBXFileReference; lastKnownFileType = file; path = "Female Chorus.aif"; sourceTree = "<group>"; };
		373F0EF81B3DEFC500DE92AB /* Harp.aif */ = {isa = PBXFileReference; lastKnownFileType = file; path = Harp.aif; sourceTree = "<group>"; };
		373F0EF91B3DEFC500DE92AB /* Spacious Set.aif */ = {isa = PBXFileReference; lastKnownFileType = file; path = "Spacious Set.aif"; sourceTree = "<group>"; };
		373F0EFA1B3DEFC500DE92AB /* tick.caf */ = {isa = PBXFileReference; lastKnownFileType = file; path = tick.caf; sourceTree = "<group>"; };
		373F0EFB1B3DEFC500DE92AB /* tock.caf */ = {isa = PBXFileReference; lastKnownFileType = file; path = tock.caf; sourceTree = "<group>"; };
		373F0EFC1B3DEFC500DE92AB /* Violins 1.aif */ = {isa = PBXFileReference; lastKnownFileType = file; path = "Violins 1.aif"; sourceTree = "<group>"; };
		375C5B8F1B3E0B3200F01A7E /* metamacros.h */ = {isa = PBXFileReference; lastKnownFileType = sourcecode.c.h; name = metamacros.h; path = Pods/AWSCore/AWSCore/metamacros.h; sourceTree = "<group>"; };
		3782615B1B4B139400FC89A0 /* ProjectPlayer.xib */ = {isa = PBXFileReference; fileEncoding = 4; lastKnownFileType = file.xib; path = ProjectPlayer.xib; sourceTree = "<group>"; };
		3782615D1B4B140C00FC89A0 /* ProjectPlayer.swift */ = {isa = PBXFileReference; fileEncoding = 4; lastKnownFileType = sourcecode.swift; path = ProjectPlayer.swift; sourceTree = "<group>"; };
		37A3C2C41B3CC00600F77F2A /* Mash.app */ = {isa = PBXFileReference; explicitFileType = wrapper.application; includeInIndex = 0; path = Mash.app; sourceTree = BUILT_PRODUCTS_DIR; };
		37A3C2C81B3CC00600F77F2A /* Info.plist */ = {isa = PBXFileReference; lastKnownFileType = text.plist.xml; path = Info.plist; sourceTree = "<group>"; };
		37A3C2C91B3CC00600F77F2A /* AppDelegate.swift */ = {isa = PBXFileReference; lastKnownFileType = sourcecode.swift; path = AppDelegate.swift; sourceTree = "<group>"; };
		37A3C2CE1B3CC00600F77F2A /* Base */ = {isa = PBXFileReference; lastKnownFileType = file.storyboard; name = Base; path = Base.lproj/Main.storyboard; sourceTree = "<group>"; };
		37A3C2D01B3CC00600F77F2A /* Images.xcassets */ = {isa = PBXFileReference; lastKnownFileType = folder.assetcatalog; path = Images.xcassets; sourceTree = "<group>"; };
		37A3C2D31B3CC00600F77F2A /* Base */ = {isa = PBXFileReference; lastKnownFileType = file.xib; name = Base; path = Base.lproj/LaunchScreen.xib; sourceTree = "<group>"; };
		37A3C2D91B3CC00600F77F2A /* MashTests.xctest */ = {isa = PBXFileReference; explicitFileType = wrapper.cfbundle; includeInIndex = 0; path = MashTests.xctest; sourceTree = BUILT_PRODUCTS_DIR; };
		37A3C2DE1B3CC00600F77F2A /* Info.plist */ = {isa = PBXFileReference; lastKnownFileType = text.plist.xml; path = Info.plist; sourceTree = "<group>"; };
		37A3C2DF1B3CC00600F77F2A /* MashTests.swift */ = {isa = PBXFileReference; lastKnownFileType = sourcecode.swift; path = MashTests.swift; sourceTree = "<group>"; };
		37DE77241B436F4A00952987 /* User.xib */ = {isa = PBXFileReference; fileEncoding = 4; lastKnownFileType = file.xib; path = User.xib; sourceTree = "<group>"; };
		37DE77261B4370B200952987 /* FollowingViewController.swift */ = {isa = PBXFileReference; fileEncoding = 4; lastKnownFileType = sourcecode.swift; path = FollowingViewController.swift; sourceTree = "<group>"; };
		37E799851B3CC12D00D2E54D /* Mash-Bridging-Header.h */ = {isa = PBXFileReference; lastKnownFileType = sourcecode.c.h; path = "Mash-Bridging-Header.h"; sourceTree = "<group>"; };
		37E799871B3CC1C600D2E54D /* DashboardController.swift */ = {isa = PBXFileReference; fileEncoding = 4; lastKnownFileType = sourcecode.swift; path = DashboardController.swift; sourceTree = "<group>"; };
		37E799881B3CC1C600D2E54D /* DirectUploadViewController.swift */ = {isa = PBXFileReference; fileEncoding = 4; lastKnownFileType = sourcecode.swift; path = DirectUploadViewController.swift; sourceTree = "<group>"; };
		37E799891B3CC1C600D2E54D /* EntryViewController.swift */ = {isa = PBXFileReference; fileEncoding = 4; lastKnownFileType = sourcecode.swift; path = EntryViewController.swift; sourceTree = "<group>"; };
		37E7998A1B3CC1C600D2E54D /* ExploreViewController.swift */ = {isa = PBXFileReference; fileEncoding = 4; lastKnownFileType = sourcecode.swift; path = ExploreViewController.swift; sourceTree = "<group>"; };
		37E7998B1B3CC1C600D2E54D /* HomeTableViewController.swift */ = {isa = PBXFileReference; fileEncoding = 4; lastKnownFileType = sourcecode.swift; path = HomeTableViewController.swift; sourceTree = "<group>"; };
		37E7998C1B3CC1C600D2E54D /* ImportViewController.swift */ = {isa = PBXFileReference; fileEncoding = 4; lastKnownFileType = sourcecode.swift; path = ImportViewController.swift; sourceTree = "<group>"; };
		37E7998D1B3CC1C600D2E54D /* LoginViewController.swift */ = {isa = PBXFileReference; fileEncoding = 4; lastKnownFileType = sourcecode.swift; path = LoginViewController.swift; sourceTree = "<group>"; };
		37E7998E1B3CC1C600D2E54D /* MashResultsController.swift */ = {isa = PBXFileReference; fileEncoding = 4; lastKnownFileType = sourcecode.swift; path = MashResultsController.swift; sourceTree = "<group>"; };
		37E7998F1B3CC1C600D2E54D /* MashViewController.swift */ = {isa = PBXFileReference; fileEncoding = 4; lastKnownFileType = sourcecode.swift; path = MashViewController.swift; sourceTree = "<group>"; };
		37E799901B3CC1C600D2E54D /* NavigationController.swift */ = {isa = PBXFileReference; fileEncoding = 4; lastKnownFileType = sourcecode.swift; path = NavigationController.swift; sourceTree = "<group>"; };
		37E7999C1B3CC1C600D2E54D /* ProjectPreferencesViewController.swift */ = {isa = PBXFileReference; fileEncoding = 4; lastKnownFileType = sourcecode.swift; path = ProjectPreferencesViewController.swift; sourceTree = "<group>"; };
		37E7999D1B3CC1C600D2E54D /* ProjectViewController.swift */ = {isa = PBXFileReference; fileEncoding = 4; lastKnownFileType = sourcecode.swift; path = ProjectViewController.swift; sourceTree = "<group>"; };
		37E7999E1B3CC1C600D2E54D /* RecordViewController.swift */ = {isa = PBXFileReference; fileEncoding = 4; lastKnownFileType = sourcecode.swift; path = RecordViewController.swift; sourceTree = "<group>"; };
		37E7999F1B3CC1C600D2E54D /* SearchViewController.swift */ = {isa = PBXFileReference; fileEncoding = 4; lastKnownFileType = sourcecode.swift; path = SearchViewController.swift; sourceTree = "<group>"; };
		37E799A01B3CC1C600D2E54D /* SettingsViewController.swift */ = {isa = PBXFileReference; fileEncoding = 4; lastKnownFileType = sourcecode.swift; path = SettingsViewController.swift; sourceTree = "<group>"; };
		37E799A11B3CC1C600D2E54D /* SignupViewController.swift */ = {isa = PBXFileReference; fileEncoding = 4; lastKnownFileType = sourcecode.swift; path = SignupViewController.swift; sourceTree = "<group>"; };
		37E799A21B3CC1C600D2E54D /* TabBarController.swift */ = {isa = PBXFileReference; fileEncoding = 4; lastKnownFileType = sourcecode.swift; path = TabBarController.swift; sourceTree = "<group>"; };
		37E799A31B3CC1C600D2E54D /* TaggingViewController.swift */ = {isa = PBXFileReference; fileEncoding = 4; lastKnownFileType = sourcecode.swift; path = TaggingViewController.swift; sourceTree = "<group>"; };
		37E799A41B3CC1C600D2E54D /* UploadViewController.swift */ = {isa = PBXFileReference; fileEncoding = 4; lastKnownFileType = sourcecode.swift; path = UploadViewController.swift; sourceTree = "<group>"; };
		37E799BE1B3CC1D000D2E54D /* Debug.swift */ = {isa = PBXFileReference; fileEncoding = 4; lastKnownFileType = sourcecode.swift; path = Debug.swift; sourceTree = "<group>"; };
		37E799C01B3CC1D000D2E54D /* HelperData.swift */ = {isa = PBXFileReference; fileEncoding = 4; lastKnownFileType = sourcecode.swift; path = HelperData.swift; sourceTree = "<group>"; };
		37E799C11B3CC1D000D2E54D /* HelperFunctions.swift */ = {isa = PBXFileReference; fileEncoding = 4; lastKnownFileType = sourcecode.swift; path = HelperFunctions.swift; sourceTree = "<group>"; };
		37E799C21B3CC1D000D2E54D /* HomeCell.swift */ = {isa = PBXFileReference; fileEncoding = 4; lastKnownFileType = sourcecode.swift; path = HomeCell.swift; sourceTree = "<group>"; };
		37E799C41B3CC1D000D2E54D /* ImportHeaderView.swift */ = {isa = PBXFileReference; fileEncoding = 4; lastKnownFileType = sourcecode.swift; path = ImportHeaderView.swift; sourceTree = "<group>"; };
		37E799C51B3CC1D000D2E54D /* InstrumentCell.swift */ = {isa = PBXFileReference; fileEncoding = 4; lastKnownFileType = sourcecode.swift; path = InstrumentCell.swift; sourceTree = "<group>"; };
		37E799C61B3CC1D000D2E54D /* MashResultsHeaderView.swift */ = {isa = PBXFileReference; fileEncoding = 4; lastKnownFileType = sourcecode.swift; path = MashResultsHeaderView.swift; sourceTree = "<group>"; };
		37E799C71B3CC1D000D2E54D /* Metronome.swift */ = {isa = PBXFileReference; fileEncoding = 4; lastKnownFileType = sourcecode.swift; path = Metronome.swift; sourceTree = "<group>"; };
		37E799C81B3CC1D000D2E54D /* Profile.swift */ = {isa = PBXFileReference; fileEncoding = 4; lastKnownFileType = sourcecode.swift; path = Profile.swift; sourceTree = "<group>"; };
		37E799C91B3CC1D000D2E54D /* ProjectTools.swift */ = {isa = PBXFileReference; fileEncoding = 4; lastKnownFileType = sourcecode.swift; path = ProjectTools.swift; sourceTree = "<group>"; };
		37E799CA1B3CC1D000D2E54D /* ProjectTrack.swift */ = {isa = PBXFileReference; fileEncoding = 4; lastKnownFileType = sourcecode.swift; path = ProjectTrack.swift; sourceTree = "<group>"; };
		37E799CB1B3CC1D000D2E54D /* Track.swift */ = {isa = PBXFileReference; fileEncoding = 4; lastKnownFileType = sourcecode.swift; path = Track.swift; sourceTree = "<group>"; };
		37E799CC1B3CC1D000D2E54D /* User.swift */ = {isa = PBXFileReference; fileEncoding = 4; lastKnownFileType = sourcecode.swift; path = User.swift; sourceTree = "<group>"; };
		37E799CF1B3CC1D000D2E54D /* HomeCell.xib */ = {isa = PBXFileReference; fileEncoding = 4; lastKnownFileType = file.xib; path = HomeCell.xib; sourceTree = "<group>"; };
		37E799D11B3CC1D000D2E54D /* ImportHeaderView.xib */ = {isa = PBXFileReference; fileEncoding = 4; lastKnownFileType = file.xib; path = ImportHeaderView.xib; sourceTree = "<group>"; };
		37E799D21B3CC1D000D2E54D /* InstrumentCell.xib */ = {isa = PBXFileReference; fileEncoding = 4; lastKnownFileType = file.xib; path = InstrumentCell.xib; sourceTree = "<group>"; };
		37E799D31B3CC1D000D2E54D /* MashResultsHeaderView.xib */ = {isa = PBXFileReference; fileEncoding = 4; lastKnownFileType = file.xib; path = MashResultsHeaderView.xib; sourceTree = "<group>"; };
		37E799D41B3CC1D000D2E54D /* Metronome.xib */ = {isa = PBXFileReference; fileEncoding = 4; lastKnownFileType = file.xib; path = Metronome.xib; sourceTree = "<group>"; };
		37E799D51B3CC1D000D2E54D /* Profile.xib */ = {isa = PBXFileReference; fileEncoding = 4; lastKnownFileType = file.xib; path = Profile.xib; sourceTree = "<group>"; };
		37E799D61B3CC1D000D2E54D /* ProjectTools.xib */ = {isa = PBXFileReference; fileEncoding = 4; lastKnownFileType = file.xib; path = ProjectTools.xib; sourceTree = "<group>"; };
		37E799D71B3CC1D000D2E54D /* ProjectTrack.xib */ = {isa = PBXFileReference; fileEncoding = 4; lastKnownFileType = file.xib; path = ProjectTrack.xib; sourceTree = "<group>"; };
		37E799D81B3CC1D000D2E54D /* Track.xib */ = {isa = PBXFileReference; fileEncoding = 4; lastKnownFileType = file.xib; path = Track.xib; sourceTree = "<group>"; };
		37E799F41B3CC1F600D2E54D /* KeychainWrapper.h */ = {isa = PBXFileReference; fileEncoding = 4; lastKnownFileType = sourcecode.c.h; path = KeychainWrapper.h; sourceTree = "<group>"; };
		37E799F51B3CC1F600D2E54D /* KeychainWrapper.m */ = {isa = PBXFileReference; fileEncoding = 4; lastKnownFileType = sourcecode.c.objc; path = KeychainWrapper.m; sourceTree = "<group>"; };
		37F5FB0C1B3E0DE700605C0B /* sqlite3.h */ = {isa = PBXFileReference; lastKnownFileType = sourcecode.c.h; path = sqlite3.h; sourceTree = "<group>"; };
		65A069C569B0565C12B1DE57 /* Pods-Mash.debug.xcconfig */ = {isa = PBXFileReference; includeInIndex = 1; lastKnownFileType = text.xcconfig; name = "Pods-Mash.debug.xcconfig"; path = "Pods/Target Support Files/Pods-Mash/Pods-Mash.debug.xcconfig"; sourceTree = "<group>"; };
		8E5C7599631EC276A2A7DA6C /* Pods.release.xcconfig */ = {isa = PBXFileReference; includeInIndex = 1; lastKnownFileType = text.xcconfig; name = Pods.release.xcconfig; path = "Pods/Target Support Files/Pods/Pods.release.xcconfig"; sourceTree = "<group>"; };
		BC856ADAFC521A5BEAA61FB7 /* Pods.debug.xcconfig */ = {isa = PBXFileReference; includeInIndex = 1; lastKnownFileType = text.xcconfig; name = Pods.debug.xcconfig; path = "Pods/Target Support Files/Pods/Pods.debug.xcconfig"; sourceTree = "<group>"; };
		E4E894392ADA22295075FEFC /* Pods-Mash.release.xcconfig */ = {isa = PBXFileReference; includeInIndex = 1; lastKnownFileType = text.xcconfig; name = "Pods-Mash.release.xcconfig"; path = "Pods/Target Support Files/Pods-Mash/Pods-Mash.release.xcconfig"; sourceTree = "<group>"; };
		E8DF6AC8CCE7D187FEEE8D82 /* Pods_Mash.framework */ = {isa = PBXFileReference; explicitFileType = wrapper.framework; includeInIndex = 0; path = Pods_Mash.framework; sourceTree = BUILT_PRODUCTS_DIR; };
/* End PBXFileReference section */

/* Begin PBXFrameworksBuildPhase section */
		37A3C2C11B3CC00600F77F2A /* Frameworks */ = {
			isa = PBXFrameworksBuildPhase;
			buildActionMask = 2147483647;
			files = (
				F183417BACCA4D316DF84567 /* Pods_Mash.framework in Frameworks */,
			);
			runOnlyForDeploymentPostprocessing = 0;
		};
		37A3C2D61B3CC00600F77F2A /* Frameworks */ = {
			isa = PBXFrameworksBuildPhase;
			buildActionMask = 2147483647;
			files = (
			);
			runOnlyForDeploymentPostprocessing = 0;
		};
/* End PBXFrameworksBuildPhase section */

/* Begin PBXGroup section */
		373F0EF51B3DEFC500DE92AB /* Audio */ = {
			isa = PBXGroup;
			children = (
				373F0EF61B3DEFC500DE92AB /* Basses Legato.aif */,
				373F0EF71B3DEFC500DE92AB /* Female Chorus.aif */,
				373F0EF81B3DEFC500DE92AB /* Harp.aif */,
				373F0EF91B3DEFC500DE92AB /* Spacious Set.aif */,
				373F0EFA1B3DEFC500DE92AB /* tick.caf */,
				373F0EFB1B3DEFC500DE92AB /* tock.caf */,
				373F0EFC1B3DEFC500DE92AB /* Violins 1.aif */,
			);
			path = Audio;
			sourceTree = "<group>";
		};
		37A3C2BB1B3CC00600F77F2A = {
			isa = PBXGroup;
			children = (
				37F5FB0C1B3E0DE700605C0B /* sqlite3.h */,
				375C5B8F1B3E0B3200F01A7E /* metamacros.h */,
				37A3C2C61B3CC00600F77F2A /* Mash */,
				37A3C2DC1B3CC00600F77F2A /* MashTests */,
				37A3C2C51B3CC00600F77F2A /* Products */,
				716EE1D90181101D3702699B /* Pods */,
				9E4DCA1CF72F167AB114291D /* Frameworks */,
			);
			sourceTree = "<group>";
		};
		37A3C2C51B3CC00600F77F2A /* Products */ = {
			isa = PBXGroup;
			children = (
				37A3C2C41B3CC00600F77F2A /* Mash.app */,
				37A3C2D91B3CC00600F77F2A /* MashTests.xctest */,
			);
			name = Products;
			sourceTree = "<group>";
		};
		37A3C2C61B3CC00600F77F2A /* Mash */ = {
			isa = PBXGroup;
			children = (
				37E799851B3CC12D00D2E54D /* Mash-Bridging-Header.h */,
				37A3C2C91B3CC00600F77F2A /* AppDelegate.swift */,
				37A3C2D01B3CC00600F77F2A /* Images.xcassets */,
				373F0EF51B3DEFC500DE92AB /* Audio */,
				37E799BD1B3CC1D000D2E54D /* Classes */,
				37E799861B3CC1C600D2E54D /* Controller */,
				37A3C2D21B3CC00600F77F2A /* LaunchScreen.xib */,
				37A3C2CD1B3CC00600F77F2A /* Main.storyboard */,
				37E799F31B3CC1F600D2E54D /* Objective-C */,
				37A3C2C71B3CC00600F77F2A /* Supporting Files */,
				37E799CD1B3CC1D000D2E54D /* XIB */,
			);
			path = Mash;
			sourceTree = "<group>";
		};
		37A3C2C71B3CC00600F77F2A /* Supporting Files */ = {
			isa = PBXGroup;
			children = (
				37A3C2C81B3CC00600F77F2A /* Info.plist */,
			);
			name = "Supporting Files";
			sourceTree = "<group>";
		};
		37A3C2DC1B3CC00600F77F2A /* MashTests */ = {
			isa = PBXGroup;
			children = (
				37A3C2DF1B3CC00600F77F2A /* MashTests.swift */,
				37A3C2DD1B3CC00600F77F2A /* Supporting Files */,
			);
			path = MashTests;
			sourceTree = "<group>";
		};
		37A3C2DD1B3CC00600F77F2A /* Supporting Files */ = {
			isa = PBXGroup;
			children = (
				37A3C2DE1B3CC00600F77F2A /* Info.plist */,
			);
			name = "Supporting Files";
			sourceTree = "<group>";
		};
		37E799861B3CC1C600D2E54D /* Controller */ = {
			isa = PBXGroup;
			children = (
				37E799871B3CC1C600D2E54D /* DashboardController.swift */,
				37E799881B3CC1C600D2E54D /* DirectUploadViewController.swift */,
				37E799891B3CC1C600D2E54D /* EntryViewController.swift */,
				37E7998A1B3CC1C600D2E54D /* ExploreViewController.swift */,
				37E7998B1B3CC1C600D2E54D /* HomeTableViewController.swift */,
				37E7998C1B3CC1C600D2E54D /* ImportViewController.swift */,
				37E7998D1B3CC1C600D2E54D /* LoginViewController.swift */,
				37E7998E1B3CC1C600D2E54D /* MashResultsController.swift */,
				37E7998F1B3CC1C600D2E54D /* MashViewController.swift */,
				37E799901B3CC1C600D2E54D /* NavigationController.swift */,
				37E7999C1B3CC1C600D2E54D /* ProjectPreferencesViewController.swift */,
				37E7999D1B3CC1C600D2E54D /* ProjectViewController.swift */,
				37E7999E1B3CC1C600D2E54D /* RecordViewController.swift */,
				37E7999F1B3CC1C600D2E54D /* SearchViewController.swift */,
				37E799A01B3CC1C600D2E54D /* SettingsViewController.swift */,
				37E799A11B3CC1C600D2E54D /* SignupViewController.swift */,
				37E799A21B3CC1C600D2E54D /* TabBarController.swift */,
				37E799A31B3CC1C600D2E54D /* TaggingViewController.swift */,
				37E799A41B3CC1C600D2E54D /* UploadViewController.swift */,
				37DE77261B4370B200952987 /* FollowingViewController.swift */,
			);
			path = Controller;
			sourceTree = "<group>";
		};
		37E799BD1B3CC1D000D2E54D /* Classes */ = {
			isa = PBXGroup;
			children = (
				37E799BE1B3CC1D000D2E54D /* Debug.swift */,
				37E799C01B3CC1D000D2E54D /* HelperData.swift */,
				37E799C11B3CC1D000D2E54D /* HelperFunctions.swift */,
				37E799C21B3CC1D000D2E54D /* HomeCell.swift */,
				37E799C41B3CC1D000D2E54D /* ImportHeaderView.swift */,
				37E799C51B3CC1D000D2E54D /* InstrumentCell.swift */,
				37E799C61B3CC1D000D2E54D /* MashResultsHeaderView.swift */,
				37E799C71B3CC1D000D2E54D /* Metronome.swift */,
				37E799C81B3CC1D000D2E54D /* Profile.swift */,
				37E799C91B3CC1D000D2E54D /* ProjectTools.swift */,
				37E799CA1B3CC1D000D2E54D /* ProjectTrack.swift */,
				37E799CB1B3CC1D000D2E54D /* Track.swift */,
				37E799CC1B3CC1D000D2E54D /* User.swift */,
				3782615D1B4B140C00FC89A0 /* ProjectPlayer.swift */,
			);
			path = Classes;
			sourceTree = "<group>";
		};
		37E799CD1B3CC1D000D2E54D /* XIB */ = {
			isa = PBXGroup;
			children = (
				37E799CF1B3CC1D000D2E54D /* HomeCell.xib */,
				3782615B1B4B139400FC89A0 /* ProjectPlayer.xib */,
				37E799D11B3CC1D000D2E54D /* ImportHeaderView.xib */,
				37E799D21B3CC1D000D2E54D /* InstrumentCell.xib */,
				37E799D31B3CC1D000D2E54D /* MashResultsHeaderView.xib */,
				37E799D41B3CC1D000D2E54D /* Metronome.xib */,
				37E799D51B3CC1D000D2E54D /* Profile.xib */,
				37E799D61B3CC1D000D2E54D /* ProjectTools.xib */,
				37E799D71B3CC1D000D2E54D /* ProjectTrack.xib */,
				37E799D81B3CC1D000D2E54D /* Track.xib */,
				37DE77241B436F4A00952987 /* User.xib */,
			);
			path = XIB;
			sourceTree = "<group>";
		};
		37E799F31B3CC1F600D2E54D /* Objective-C */ = {
			isa = PBXGroup;
			children = (
				37E799F41B3CC1F600D2E54D /* KeychainWrapper.h */,
				37E799F51B3CC1F600D2E54D /* KeychainWrapper.m */,
			);
			path = "Objective-C";
			sourceTree = "<group>";
		};
		716EE1D90181101D3702699B /* Pods */ = {
			isa = PBXGroup;
			children = (
				BC856ADAFC521A5BEAA61FB7 /* Pods.debug.xcconfig */,
				8E5C7599631EC276A2A7DA6C /* Pods.release.xcconfig */,
				65A069C569B0565C12B1DE57 /* Pods-Mash.debug.xcconfig */,
				E4E894392ADA22295075FEFC /* Pods-Mash.release.xcconfig */,
			);
			name = Pods;
			sourceTree = "<group>";
		};
		9E4DCA1CF72F167AB114291D /* Frameworks */ = {
			isa = PBXGroup;
			children = (
				E8DF6AC8CCE7D187FEEE8D82 /* Pods_Mash.framework */,
			);
			name = Frameworks;
			sourceTree = "<group>";
		};
/* End PBXGroup section */

/* Begin PBXHeadersBuildPhase section */
		373F0F061B3E0A6900DE92AB /* Headers */ = {
			isa = PBXHeadersBuildPhase;
			buildActionMask = 2147483647;
			files = (
				375C5B901B3E0B3200F01A7E /* metamacros.h in Headers */,
				37F5FB0D1B3E0DE700605C0B /* sqlite3.h in Headers */,
			);
			runOnlyForDeploymentPostprocessing = 0;
		};
/* End PBXHeadersBuildPhase section */

/* Begin PBXNativeTarget section */
		37A3C2C31B3CC00600F77F2A /* Mash */ = {
			isa = PBXNativeTarget;
			buildConfigurationList = 37A3C2E31B3CC00600F77F2A /* Build configuration list for PBXNativeTarget "Mash" */;
			buildPhases = (
				373F0F061B3E0A6900DE92AB /* Headers */,
				614E7FAD15FE5D9D673AEA95 /* Check Pods Manifest.lock */,
				37A3C2C01B3CC00600F77F2A /* Sources */,
				37A3C2C11B3CC00600F77F2A /* Frameworks */,
				37A3C2C21B3CC00600F77F2A /* Resources */,
				9EF959724F37EC28A5723B2B /* Embed Pods Frameworks */,
				5971647D680A39E7A81B0F88 /* Copy Pods Resources */,
			);
			buildRules = (
			);
			dependencies = (
			);
			name = Mash;
			productName = Mash;
			productReference = 37A3C2C41B3CC00600F77F2A /* Mash.app */;
			productType = "com.apple.product-type.application";
		};
		37A3C2D81B3CC00600F77F2A /* MashTests */ = {
			isa = PBXNativeTarget;
			buildConfigurationList = 37A3C2E61B3CC00600F77F2A /* Build configuration list for PBXNativeTarget "MashTests" */;
			buildPhases = (
				37A3C2D51B3CC00600F77F2A /* Sources */,
				37A3C2D61B3CC00600F77F2A /* Frameworks */,
				37A3C2D71B3CC00600F77F2A /* Resources */,
			);
			buildRules = (
			);
			dependencies = (
				37A3C2DB1B3CC00600F77F2A /* PBXTargetDependency */,
			);
			name = MashTests;
			productName = MashTests;
			productReference = 37A3C2D91B3CC00600F77F2A /* MashTests.xctest */;
			productType = "com.apple.product-type.bundle.unit-test";
		};
/* End PBXNativeTarget section */

/* Begin PBXProject section */
		37A3C2BC1B3CC00600F77F2A /* Project object */ = {
			isa = PBXProject;
			attributes = {
				LastUpgradeCheck = 0630;
				ORGANIZATIONNAME = Mash;
				TargetAttributes = {
					37A3C2C31B3CC00600F77F2A = {
						CreatedOnToolsVersion = 6.3.2;
						DevelopmentTeam = AA375B8UFT;
					};
					37A3C2D81B3CC00600F77F2A = {
						CreatedOnToolsVersion = 6.3.2;
						TestTargetID = 37A3C2C31B3CC00600F77F2A;
					};
				};
			};
			buildConfigurationList = 37A3C2BF1B3CC00600F77F2A /* Build configuration list for PBXProject "Mash" */;
			compatibilityVersion = "Xcode 3.2";
			developmentRegion = English;
			hasScannedForEncodings = 0;
			knownRegions = (
				en,
				Base,
			);
			mainGroup = 37A3C2BB1B3CC00600F77F2A;
			productRefGroup = 37A3C2C51B3CC00600F77F2A /* Products */;
			projectDirPath = "";
			projectRoot = "";
			targets = (
				37A3C2C31B3CC00600F77F2A /* Mash */,
				37A3C2D81B3CC00600F77F2A /* MashTests */,
			);
		};
/* End PBXProject section */

/* Begin PBXResourcesBuildPhase section */
		37A3C2C21B3CC00600F77F2A /* Resources */ = {
			isa = PBXResourcesBuildPhase;
			buildActionMask = 2147483647;
			files = (
				37A3C2CF1B3CC00600F77F2A /* Main.storyboard in Resources */,
				37E799F01B3CC1D000D2E54D /* ProjectTools.xib in Resources */,
				373F0F031B3DEFC500DE92AB /* Violins 1.aif in Resources */,
				37E799EE1B3CC1D000D2E54D /* Metronome.xib in Resources */,
				373F0F001B3DEFC500DE92AB /* Spacious Set.aif in Resources */,
				37A3C2D41B3CC00600F77F2A /* LaunchScreen.xib in Resources */,
				37E799EC1B3CC1D000D2E54D /* InstrumentCell.xib in Resources */,
				3782615C1B4B139400FC89A0 /* ProjectPlayer.xib in Resources */,
				37E799F21B3CC1D000D2E54D /* Track.xib in Resources */,
				37DE77251B436F4A00952987 /* User.xib in Resources */,
				373F0F011B3DEFC500DE92AB /* tick.caf in Resources */,
				37A3C2D11B3CC00600F77F2A /* Images.xcassets in Resources */,
				373F0EFF1B3DEFC500DE92AB /* Harp.aif in Resources */,
				37E799E91B3CC1D000D2E54D /* HomeCell.xib in Resources */,
				373F0F021B3DEFC500DE92AB /* tock.caf in Resources */,
				37E799EB1B3CC1D000D2E54D /* ImportHeaderView.xib in Resources */,
				37E799EF1B3CC1D000D2E54D /* Profile.xib in Resources */,
				37E799F11B3CC1D000D2E54D /* ProjectTrack.xib in Resources */,
				373F0EFE1B3DEFC500DE92AB /* Female Chorus.aif in Resources */,
				37E799ED1B3CC1D000D2E54D /* MashResultsHeaderView.xib in Resources */,
				373F0EFD1B3DEFC500DE92AB /* Basses Legato.aif in Resources */,
			);
			runOnlyForDeploymentPostprocessing = 0;
		};
		37A3C2D71B3CC00600F77F2A /* Resources */ = {
			isa = PBXResourcesBuildPhase;
			buildActionMask = 2147483647;
			files = (
			);
			runOnlyForDeploymentPostprocessing = 0;
		};
/* End PBXResourcesBuildPhase section */

/* Begin PBXShellScriptBuildPhase section */
		5971647D680A39E7A81B0F88 /* Copy Pods Resources */ = {
			isa = PBXShellScriptBuildPhase;
			buildActionMask = 2147483647;
			files = (
			);
			inputPaths = (
			);
			name = "Copy Pods Resources";
			outputPaths = (
			);
			runOnlyForDeploymentPostprocessing = 0;
			shellPath = /bin/sh;
			shellScript = "\"${SRCROOT}/Pods/Target Support Files/Pods-Mash/Pods-Mash-resources.sh\"\n";
			showEnvVarsInLog = 0;
		};
		614E7FAD15FE5D9D673AEA95 /* Check Pods Manifest.lock */ = {
			isa = PBXShellScriptBuildPhase;
			buildActionMask = 2147483647;
			files = (
			);
			inputPaths = (
			);
			name = "Check Pods Manifest.lock";
			outputPaths = (
			);
			runOnlyForDeploymentPostprocessing = 0;
			shellPath = /bin/sh;
			shellScript = "diff \"${PODS_ROOT}/../Podfile.lock\" \"${PODS_ROOT}/Manifest.lock\" > /dev/null\nif [[ $? != 0 ]] ; then\n    cat << EOM\nerror: The sandbox is not in sync with the Podfile.lock. Run 'pod install' or update your CocoaPods installation.\nEOM\n    exit 1\nfi\n";
			showEnvVarsInLog = 0;
		};
		9EF959724F37EC28A5723B2B /* Embed Pods Frameworks */ = {
			isa = PBXShellScriptBuildPhase;
			buildActionMask = 2147483647;
			files = (
			);
			inputPaths = (
			);
			name = "Embed Pods Frameworks";
			outputPaths = (
			);
			runOnlyForDeploymentPostprocessing = 0;
			shellPath = /bin/sh;
			shellScript = "\"${SRCROOT}/Pods/Target Support Files/Pods-Mash/Pods-Mash-frameworks.sh\"\n";
			showEnvVarsInLog = 0;
		};
/* End PBXShellScriptBuildPhase section */

/* Begin PBXSourcesBuildPhase section */
		37A3C2C01B3CC00600F77F2A /* Sources */ = {
			isa = PBXSourcesBuildPhase;
			buildActionMask = 2147483647;
			files = (
				37E799E21B3CC1D000D2E54D /* Metronome.swift in Sources */,
				37E799AB1B3CC1C600D2E54D /* LoginViewController.swift in Sources */,
				37E799B41B3CC1C600D2E54D /* ProjectPreferencesViewController.swift in Sources */,
				37DE77271B4370B200952987 /* FollowingViewController.swift in Sources */,
				37E799DB1B3CC1D000D2E54D /* HelperData.swift in Sources */,
				37E799E51B3CC1D000D2E54D /* ProjectTrack.swift in Sources */,
				37E799AE1B3CC1C600D2E54D /* NavigationController.swift in Sources */,
				37E799DC1B3CC1D000D2E54D /* HelperFunctions.swift in Sources */,
				37E799E01B3CC1D000D2E54D /* InstrumentCell.swift in Sources */,
				37E799D91B3CC1D000D2E54D /* Debug.swift in Sources */,
				37E799E61B3CC1D000D2E54D /* Track.swift in Sources */,
				37E799AC1B3CC1C600D2E54D /* MashResultsController.swift in Sources */,
				37E799A61B3CC1C600D2E54D /* DirectUploadViewController.swift in Sources */,
				37E799B61B3CC1C600D2E54D /* RecordViewController.swift in Sources */,
				37E799BA1B3CC1C600D2E54D /* TabBarController.swift in Sources */,
				37E799A71B3CC1C600D2E54D /* EntryViewController.swift in Sources */,
				37E799E71B3CC1D000D2E54D /* User.swift in Sources */,
				37E799FC1B3CC1F600D2E54D /* KeychainWrapper.m in Sources */,
				37E799DF1B3CC1D000D2E54D /* ImportHeaderView.swift in Sources */,
				37E799DD1B3CC1D000D2E54D /* HomeCell.swift in Sources */,
				37E799A81B3CC1C600D2E54D /* ExploreViewController.swift in Sources */,
				37E799BC1B3CC1C600D2E54D /* UploadViewController.swift in Sources */,
				37E799E31B3CC1D000D2E54D /* Profile.swift in Sources */,
				37E799B51B3CC1C600D2E54D /* ProjectViewController.swift in Sources */,
				37E799B81B3CC1C600D2E54D /* SettingsViewController.swift in Sources */,
				37E799BB1B3CC1C600D2E54D /* TaggingViewController.swift in Sources */,
				37E799B71B3CC1C600D2E54D /* SearchViewController.swift in Sources */,
				37E799E41B3CC1D000D2E54D /* ProjectTools.swift in Sources */,
				37E799A91B3CC1C600D2E54D /* HomeTableViewController.swift in Sources */,
				37E799A51B3CC1C600D2E54D /* DashboardController.swift in Sources */,
				3782615E1B4B140C00FC89A0 /* ProjectPlayer.swift in Sources */,
				37E799E11B3CC1D000D2E54D /* MashResultsHeaderView.swift in Sources */,
				37A3C2CA1B3CC00600F77F2A /* AppDelegate.swift in Sources */,
				37E799AD1B3CC1C600D2E54D /* MashViewController.swift in Sources */,
				37E799B91B3CC1C600D2E54D /* SignupViewController.swift in Sources */,
				37E799AA1B3CC1C600D2E54D /* ImportViewController.swift in Sources */,
			);
			runOnlyForDeploymentPostprocessing = 0;
		};
		37A3C2D51B3CC00600F77F2A /* Sources */ = {
			isa = PBXSourcesBuildPhase;
			buildActionMask = 2147483647;
			files = (
				37A3C2E01B3CC00600F77F2A /* MashTests.swift in Sources */,
			);
			runOnlyForDeploymentPostprocessing = 0;
		};
/* End PBXSourcesBuildPhase section */

/* Begin PBXTargetDependency section */
		37A3C2DB1B3CC00600F77F2A /* PBXTargetDependency */ = {
			isa = PBXTargetDependency;
			target = 37A3C2C31B3CC00600F77F2A /* Mash */;
			targetProxy = 37A3C2DA1B3CC00600F77F2A /* PBXContainerItemProxy */;
		};
/* End PBXTargetDependency section */

/* Begin PBXVariantGroup section */
		37A3C2CD1B3CC00600F77F2A /* Main.storyboard */ = {
			isa = PBXVariantGroup;
			children = (
				37A3C2CE1B3CC00600F77F2A /* Base */,
			);
			name = Main.storyboard;
			sourceTree = "<group>";
		};
		37A3C2D21B3CC00600F77F2A /* LaunchScreen.xib */ = {
			isa = PBXVariantGroup;
			children = (
				37A3C2D31B3CC00600F77F2A /* Base */,
			);
			name = LaunchScreen.xib;
			sourceTree = "<group>";
		};
/* End PBXVariantGroup section */

/* Begin XCBuildConfiguration section */
		37A3C2E11B3CC00600F77F2A /* Debug */ = {
			isa = XCBuildConfiguration;
			buildSettings = {
				ALWAYS_SEARCH_USER_PATHS = YES;
				CLANG_ALLOW_NON_MODULAR_INCLUDES_IN_FRAMEWORK_MODULES = YES;
				CLANG_CXX_LANGUAGE_STANDARD = "gnu++0x";
				CLANG_CXX_LIBRARY = "libc++";
				CLANG_ENABLE_MODULES = YES;
				CLANG_ENABLE_OBJC_ARC = YES;
				CLANG_WARN_BOOL_CONVERSION = YES;
				CLANG_WARN_CONSTANT_CONVERSION = YES;
				CLANG_WARN_DIRECT_OBJC_ISA_USAGE = YES_ERROR;
				CLANG_WARN_EMPTY_BODY = YES;
				CLANG_WARN_ENUM_CONVERSION = YES;
				CLANG_WARN_INT_CONVERSION = YES;
				CLANG_WARN_OBJC_ROOT_CLASS = YES_ERROR;
				CLANG_WARN_UNREACHABLE_CODE = YES;
				CLANG_WARN__DUPLICATE_METHOD_MATCH = YES;
				"CODE_SIGN_IDENTITY[sdk=iphoneos*]" = "iPhone Developer";
				COPY_PHASE_STRIP = NO;
				DEBUG_INFORMATION_FORMAT = "dwarf-with-dsym";
				ENABLE_STRICT_OBJC_MSGSEND = YES;
				FRAMEWORK_SEARCH_PATHS = "./**";
				GCC_C_LANGUAGE_STANDARD = gnu99;
				GCC_DYNAMIC_NO_PIC = NO;
				GCC_NO_COMMON_BLOCKS = YES;
				GCC_OPTIMIZATION_LEVEL = 0;
				GCC_PREPROCESSOR_DEFINITIONS = (
					"DEBUG=1",
					"$(inherited)",
				);
				GCC_SYMBOLS_PRIVATE_EXTERN = NO;
				GCC_WARN_64_TO_32_BIT_CONVERSION = YES;
				GCC_WARN_ABOUT_RETURN_TYPE = YES_ERROR;
				GCC_WARN_UNDECLARED_SELECTOR = YES;
				GCC_WARN_UNINITIALIZED_AUTOS = YES_AGGRESSIVE;
				GCC_WARN_UNUSED_FUNCTION = YES;
				GCC_WARN_UNUSED_VARIABLE = YES;
				HEADER_SEARCH_PATHS = (
					"$(inherited)",
					/Applications/Xcode.app/Contents/Developer/Toolchains/XcodeDefault.xctoolchain/usr/include,
					"./**",
				);
				IPHONEOS_DEPLOYMENT_TARGET = 8.3;
				MTL_ENABLE_DEBUG_INFO = YES;
				ONLY_ACTIVE_ARCH = YES;
				SDKROOT = iphoneos;
				SWIFT_OPTIMIZATION_LEVEL = "-Onone";
				USER_HEADER_SEARCH_PATHS = "Pods/Headers/Public/**";
			};
			name = Debug;
		};
		37A3C2E21B3CC00600F77F2A /* Release */ = {
			isa = XCBuildConfiguration;
			buildSettings = {
				ALWAYS_SEARCH_USER_PATHS = YES;
				CLANG_ALLOW_NON_MODULAR_INCLUDES_IN_FRAMEWORK_MODULES = YES;
				CLANG_CXX_LANGUAGE_STANDARD = "gnu++0x";
				CLANG_CXX_LIBRARY = "libc++";
				CLANG_ENABLE_MODULES = YES;
				CLANG_ENABLE_OBJC_ARC = YES;
				CLANG_WARN_BOOL_CONVERSION = YES;
				CLANG_WARN_CONSTANT_CONVERSION = YES;
				CLANG_WARN_DIRECT_OBJC_ISA_USAGE = YES_ERROR;
				CLANG_WARN_EMPTY_BODY = YES;
				CLANG_WARN_ENUM_CONVERSION = YES;
				CLANG_WARN_INT_CONVERSION = YES;
				CLANG_WARN_OBJC_ROOT_CLASS = YES_ERROR;
				CLANG_WARN_UNREACHABLE_CODE = YES;
				CLANG_WARN__DUPLICATE_METHOD_MATCH = YES;
				"CODE_SIGN_IDENTITY[sdk=iphoneos*]" = "iPhone Developer";
				COPY_PHASE_STRIP = NO;
				DEBUG_INFORMATION_FORMAT = "dwarf-with-dsym";
				ENABLE_NS_ASSERTIONS = NO;
				ENABLE_STRICT_OBJC_MSGSEND = YES;
				FRAMEWORK_SEARCH_PATHS = "./**";
				GCC_C_LANGUAGE_STANDARD = gnu99;
				GCC_NO_COMMON_BLOCKS = YES;
				GCC_WARN_64_TO_32_BIT_CONVERSION = YES;
				GCC_WARN_ABOUT_RETURN_TYPE = YES_ERROR;
				GCC_WARN_UNDECLARED_SELECTOR = YES;
				GCC_WARN_UNINITIALIZED_AUTOS = YES_AGGRESSIVE;
				GCC_WARN_UNUSED_FUNCTION = YES;
				GCC_WARN_UNUSED_VARIABLE = YES;
				HEADER_SEARCH_PATHS = (
					"$(inherited)",
					/Applications/Xcode.app/Contents/Developer/Toolchains/XcodeDefault.xctoolchain/usr/include,
					"./**",
				);
				IPHONEOS_DEPLOYMENT_TARGET = 8.3;
				MTL_ENABLE_DEBUG_INFO = NO;
				SDKROOT = iphoneos;
				USER_HEADER_SEARCH_PATHS = "Pods/Headers/Public/**";
				VALIDATE_PRODUCT = YES;
			};
			name = Release;
		};
		37A3C2E41B3CC00600F77F2A /* Debug */ = {
			isa = XCBuildConfiguration;
			baseConfigurationReference = 65A069C569B0565C12B1DE57 /* Pods-Mash.debug.xcconfig */;
			buildSettings = {
				ASSETCATALOG_COMPILER_APPICON_NAME = AppIcon;
				CLANG_ALLOW_NON_MODULAR_INCLUDES_IN_FRAMEWORK_MODULES = YES;
				CLANG_ENABLE_MODULES = YES;
				CODE_SIGN_IDENTITY = "iPhone Developer";
				FRAMEWORK_SEARCH_PATHS = (
					"$(inherited)",
					"\"$PODS_FRAMEWORK_BUILD_PATH\"",
					"\"$(PODS_ROOT)/google-plus-ios-sdk/google-plus-ios-sdk-1.7.1\"",
					"\"$(PODS_ROOT)/google-plus-ios-sdk/google-plus-ios-sdk-1.7.1\"",
				);
				INFOPLIST_FILE = Mash/Info.plist;
				LD_RUNPATH_SEARCH_PATHS = "$(inherited) @executable_path/Frameworks";
				LIBRARY_SEARCH_PATHS = (
					"$(inherited)",
					"$(PROJECT_DIR)/Mash/Objective-C",
				);
				OTHER_LDFLAGS = (
					"$(inherited)",
					"-ObjC",
					"-framework",
					"\"EZAudio\"",
					"-framework",
					"\"CryptoSwift\"",
				);
				PRODUCT_NAME = "$(TARGET_NAME)";
				SWIFT_OBJC_BRIDGING_HEADER = "Mash/Mash-Bridging-Header.h";
				USER_HEADER_SEARCH_PATHS = Pods/Headers/Public;
			};
			name = Debug;
		};
		37A3C2E51B3CC00600F77F2A /* Release */ = {
			isa = XCBuildConfiguration;
			baseConfigurationReference = E4E894392ADA22295075FEFC /* Pods-Mash.release.xcconfig */;
			buildSettings = {
				ASSETCATALOG_COMPILER_APPICON_NAME = AppIcon;
				CLANG_ALLOW_NON_MODULAR_INCLUDES_IN_FRAMEWORK_MODULES = YES;
				CLANG_ENABLE_MODULES = YES;
				CODE_SIGN_IDENTITY = "iPhone Developer";
				FRAMEWORK_SEARCH_PATHS = (
					"$(inherited)",
					"\"$PODS_FRAMEWORK_BUILD_PATH\"",
					"\"$(PODS_ROOT)/google-plus-ios-sdk/google-plus-ios-sdk-1.7.1\"",
					"\"$(PODS_ROOT)/google-plus-ios-sdk/google-plus-ios-sdk-1.7.1\"",
				);
				INFOPLIST_FILE = Mash/Info.plist;
				LD_RUNPATH_SEARCH_PATHS = "$(inherited) @executable_path/Frameworks";
				LIBRARY_SEARCH_PATHS = (
					"$(inherited)",
					"$(PROJECT_DIR)/Mash/Objective-C",
				);
				OTHER_LDFLAGS = (
					"$(inherited)",
					"-ObjC",
					"-framework",
					"\"EZAudio\"",
					"-framework",
					"\"CryptoSwift\"",
				);
				PRODUCT_NAME = "$(TARGET_NAME)";
				SWIFT_OBJC_BRIDGING_HEADER = "Mash/Mash-Bridging-Header.h";
				USER_HEADER_SEARCH_PATHS = Pods/Headers/Public;
			};
			name = Release;
		};
		37A3C2E71B3CC00600F77F2A /* Debug */ = {
			isa = XCBuildConfiguration;
			buildSettings = {
				BUNDLE_LOADER = "$(TEST_HOST)";
				FRAMEWORK_SEARCH_PATHS = (
					"$(SDKROOT)/Developer/Library/Frameworks",
					"$(inherited)",
				);
				GCC_PREPROCESSOR_DEFINITIONS = (
					"DEBUG=1",
					"$(inherited)",
				);
				INFOPLIST_FILE = MashTests/Info.plist;
				LD_RUNPATH_SEARCH_PATHS = "$(inherited) @executable_path/Frameworks @loader_path/Frameworks";
				PRODUCT_NAME = "$(TARGET_NAME)";
				TEST_HOST = "$(BUILT_PRODUCTS_DIR)/Mash.app/Mash";
			};
			name = Debug;
		};
		37A3C2E81B3CC00600F77F2A /* Release */ = {
			isa = XCBuildConfiguration;
			buildSettings = {
				BUNDLE_LOADER = "$(TEST_HOST)";
				FRAMEWORK_SEARCH_PATHS = (
					"$(SDKROOT)/Developer/Library/Frameworks",
					"$(inherited)",
				);
				INFOPLIST_FILE = MashTests/Info.plist;
				LD_RUNPATH_SEARCH_PATHS = "$(inherited) @executable_path/Frameworks @loader_path/Frameworks";
				PRODUCT_NAME = "$(TARGET_NAME)";
				TEST_HOST = "$(BUILT_PRODUCTS_DIR)/Mash.app/Mash";
			};
			name = Release;
		};
/* End XCBuildConfiguration section */

/* Begin XCConfigurationList section */
		37A3C2BF1B3CC00600F77F2A /* Build configuration list for PBXProject "Mash" */ = {
			isa = XCConfigurationList;
			buildConfigurations = (
				37A3C2E11B3CC00600F77F2A /* Debug */,
				37A3C2E21B3CC00600F77F2A /* Release */,
			);
			defaultConfigurationIsVisible = 0;
			defaultConfigurationName = Release;
		};
		37A3C2E31B3CC00600F77F2A /* Build configuration list for PBXNativeTarget "Mash" */ = {
			isa = XCConfigurationList;
			buildConfigurations = (
				37A3C2E41B3CC00600F77F2A /* Debug */,
				37A3C2E51B3CC00600F77F2A /* Release */,
			);
			defaultConfigurationIsVisible = 0;
			defaultConfigurationName = Release;
		};
		37A3C2E61B3CC00600F77F2A /* Build configuration list for PBXNativeTarget "MashTests" */ = {
			isa = XCConfigurationList;
			buildConfigurations = (
				37A3C2E71B3CC00600F77F2A /* Debug */,
				37A3C2E81B3CC00600F77F2A /* Release */,
			);
			defaultConfigurationIsVisible = 0;
			defaultConfigurationName = Release;
		};
/* End XCConfigurationList section */
	};
	rootObject = 37A3C2BC1B3CC00600F77F2A /* Project object */;
}
